{
  "name": "calculang-at-fosdem",
  "version": "0.0.1-alpha.0",
  "lockfileVersion": 2,
  "requires": true,
  "packages": {
    "": {
      "name": "calculang-at-fosdem",
      "version": "0.0.1-alpha.0",
      "license": "AGPL-3.0-only",
      "devDependencies": {
        "underscore": "^1.13.6"
      }
    },
    "../calculang/packages/calculang-js": {
      "name": "@calculang/calculang-js",
      "version": "0.1.0-alpha.6-dev2023",
      "extraneous": true,
      "license": "AGPL-3.0-only",
      "dependencies": {
        "@babel/core": "^7.15.8",
        "@babel/preset-env": "^7.15.8",
        "@calculang/introspection-api": "0.1.0-alpha.6",
        "commander": "^8.2.0",
        "graphlib": "^2.1.8",
        "loader-utils": "^2.0.0",
        "memfs": "^3.3.0",
        "webpack": "^4.46.0"
      },
      "bin": {
        "cul-js": "bin/index.js"
      },
      "devDependencies": {
        "@babel/cli": "^7.15.7",
        "babel-jest": "^27.2.5",
        "jest": "^27.2.5"
      }
    },
    "node_modules/underscore": {
      "version": "1.13.6",
      "resolved": "https://registry.npmjs.org/underscore/-/underscore-1.13.6.tgz",
      "integrity": "sha512-+A5Sja4HP1M08MaXya7p5LvjuM7K6q/2EaC0+iovj/wOcMsTzMvDFbasi/oSapiwOlt252IqsKqPjCl7huKS0A==",
      "dev": true
    }
  },
  "dependencies": {
    "underscore": {
      "version": "1.13.6",
      "resolved": "https://registry.npmjs.org/underscore/-/underscore-1.13.6.tgz",
      "integrity": "sha512-+A5Sja4HP1M08MaXya7p5LvjuM7K6q/2EaC0+iovj/wOcMsTzMvDFbasi/oSapiwOlt252IqsKqPjCl7huKS0A==",
      "dev": true
    }
  }
}
